
Microsoft Visual Studio Solution File, Format Version 12.00
# Visual Studio Version 17
VisualStudioVersion = 17.11.35303.130
MinimumVisualStudioVersion = 10.0.40219.1
Project("{FAE04EC0-301F-11D3-BF4B-00C04F79EFBC}") = "Analyzer1", "Analyzer1\Analyzer1\Analyzer1.csproj", "{F3E19E9D-FFF1-4F77-B5F5-B9ECF0FDF7BE}"
EndProject
Project("{FAE04EC0-301F-11D3-BF4B-00C04F79EFBC}") = "Analyzer1.Package", "Analyzer1\Analyzer1.Package\Analyzer1.Package.csproj", "{7ED91E8B-07B9-417B-B99E-1666687F7F2F}"
EndProject
Global
	GlobalSection(SolutionConfigurationPlatforms) = preSolution
		Debug|Any CPU = Debug|Any CPU
		Release|Any CPU = Release|Any CPU
	EndGlobalSection
	GlobalSection(ProjectConfigurationPlatforms) = postSolution
		{F3E19E9D-FFF1-4F77-B5F5-B9ECF0FDF7BE}.Debug|Any CPU.ActiveCfg = Debug|Any CPU
		{F3E19E9D-FFF1-4F77-B5F5-B9ECF0FDF7BE}.Debug|Any CPU.Build.0 = Debug|Any CPU
		{F3E19E9D-FFF1-4F77-B5F5-B9ECF0FDF7BE}.Release|Any CPU.ActiveCfg = Release|Any CPU
		{F3E19E9D-FFF1-4F77-B5F5-B9ECF0FDF7BE}.Release|Any CPU.Build.0 = Release|Any CPU
		{7ED91E8B-07B9-417B-B99E-1666687F7F2F}.Debug|Any CPU.ActiveCfg = Debug|Any CPU
		{7ED91E8B-07B9-417B-B99E-1666687F7F2F}.Debug|Any CPU.Build.0 = Debug|Any CPU
		{7ED91E8B-07B9-417B-B99E-1666687F7F2F}.Release|Any CPU.ActiveCfg = Release|Any CPU
		{7ED91E8B-07B9-417B-B99E-1666687F7F2F}.Release|Any CPU.Build.0 = Release|Any CPU
	EndGlobalSection
	GlobalSection(SolutionProperties) = preSolution
		HideSolutionNode = FALSE
	EndGlobalSection
	GlobalSection(ExtensibilityGlobals) = postSolution
		SolutionGuid = {1CD7E245-0977-41FE-B778-2783E00C63E5}
	EndGlobalSection
EndGlobal
